<?xml version="1.0" encoding="utf-8"?>
<Project ToolsVersion="4.0" xmlns="http://schemas.microsoft.com/developer/msbuild/2003">
  <ItemGroup>
    <Filter Include="Third party">
      <UniqueIdentifier>{74da5d11-26d1-4439-8bfb-87cb42aed8da}</UniqueIdentifier>
    </Filter>
    <Filter Include="Third party\Imgui">
      <UniqueIdentifier>{499ff2a8-210b-48fe-88f3-d7b3ef170c16}</UniqueIdentifier>
    </Filter>
    <Filter Include="Game data">
      <UniqueIdentifier>{de7ec62f-f0ca-4008-a898-ff3e15ce4506}</UniqueIdentifier>
    </Filter>
    <Filter Include="utils">
      <UniqueIdentifier>{f41feadd-1a28-4427-95ec-5e593d0643aa}</UniqueIdentifier>
    </Filter>
    <Filter Include="Game data\fonts">
      <UniqueIdentifier>{5cc4d8b1-7e3c-4cf1-9a81-bcdea87c732b}</UniqueIdentifier>
    </Filter>
    <Filter Include="Game data\ui">
      <UniqueIdentifier>{4dd18a63-e97f-426b-9e00-f18b13f85f62}</UniqueIdentifier>
    </Filter>
    <Filter Include="src">
      <UniqueIdentifier>{619cb3e3-ee9c-440b-8037-40858146913b}</UniqueIdentifier>
    </Filter>
    <Filter Include="src\ui">
      <UniqueIdentifier>{b5a47df2-7ef0-42f4-8536-085c8f7ac50f}</UniqueIdentifier>
    </Filter>
    <Filter Include="src\world">
      <UniqueIdentifier>{b37d70c3-0492-46b1-90de-45470bb684c0}</UniqueIdentifier>
    </Filter>
    <Filter Include="src\world\header">
      <UniqueIdentifier>{baa55ae3-ea32-4078-9f9f-278f2e1c0bd1}</UniqueIdentifier>
    </Filter>
    <Filter Include="src\world\source">
      <UniqueIdentifier>{7508501b-0f25-442f-ac86-a6d9fdf72b94}</UniqueIdentifier>
    </Filter>
    <Filter Include="src\ui\header">
      <UniqueIdentifier>{969e3e25-50ed-412c-9ad0-819ff463ba3f}</UniqueIdentifier>
    </Filter>
    <Filter Include="src\ui\source">
      <UniqueIdentifier>{b0d2e064-5f20-4e0d-b8e2-9fceb5b8c213}</UniqueIdentifier>
    </Filter>
    <Filter Include="src\misc">
      <UniqueIdentifier>{9fb3e472-0da7-4786-948b-dd16e9e9c2b6}</UniqueIdentifier>
    </Filter>
    <Filter Include="src\misc\header">
      <UniqueIdentifier>{3808cb10-9c48-4454-9159-e656043295aa}</UniqueIdentifier>
    </Filter>
    <Filter Include="src\misc\source">
      <UniqueIdentifier>{c4cf135e-2b9a-41c2-a041-035c94b5a298}</UniqueIdentifier>
    </Filter>
    <Filter Include="Shaders">
      <UniqueIdentifier>{fe5c4753-142d-488b-99ad-076c28a7be41}</UniqueIdentifier>
    </Filter>
    <Filter Include="Game data\meshes">
      <UniqueIdentifier>{b46a345f-ddbd-4a34-8609-3c2f414bf330}</UniqueIdentifier>
    </Filter>
    <Filter Include="Game data\maps">
      <UniqueIdentifier>{2b058a23-c319-4cf4-9089-d63632fcb0c3}</UniqueIdentifier>
    </Filter>
  </ItemGroup>
  <ItemGroup>
    <ClCompile Include="glad.c">
      <Filter>Third party</Filter>
    </ClCompile>
    <ClCompile Include="third-party\imgui\imgui.cpp">
      <Filter>Third party\Imgui</Filter>
    </ClCompile>
    <ClCompile Include="third-party\imgui\imgui_demo.cpp">
      <Filter>Third party\Imgui</Filter>
    </ClCompile>
    <ClCompile Include="third-party\imgui\imgui_draw.cpp">
      <Filter>Third party\Imgui</Filter>
    </ClCompile>
    <ClCompile Include="third-party\imgui\imgui_impl_glfw.cpp">
      <Filter>Third party\Imgui</Filter>
    </ClCompile>
    <ClCompile Include="third-party\imgui\imgui_impl_opengl3.cpp">
      <Filter>Third party\Imgui</Filter>
    </ClCompile>
    <ClCompile Include="third-party\imgui\imgui_tables.cpp">
      <Filter>Third party\Imgui</Filter>
    </ClCompile>
    <ClCompile Include="third-party\imgui\imgui_widgets.cpp">
      <Filter>Third party\Imgui</Filter>
    </ClCompile>
    <ClCompile Include="char_lut.cpp">
      <Filter>utils</Filter>
    </ClCompile>
    <ClCompile Include="font_loader.cpp">
      <Filter>utils</Filter>
    </ClCompile>
    <ClCompile Include="game_object.h">
      <Filter>src\world\header</Filter>
    </ClCompile>
    <ClCompile Include="component.cpp">
      <Filter>src\ui\source</Filter>
    </ClCompile>
    <ClCompile Include="scripts.cpp">
      <Filter>src\misc\source</Filter>
    </ClCompile>
    <ClCompile Include="shader.cpp">
      <Filter>src\misc\source</Filter>
    </ClCompile>
    <ClCompile Include="ui_handler.cpp">
      <Filter>src\ui\source</Filter>
    </ClCompile>
    <ClCompile Include="ui_systems.cpp">
      <Filter>src\ui\source</Filter>
    </ClCompile>
    <ClCompile Include="main.cpp">
      <Filter>src</Filter>
    </ClCompile>
    <ClCompile Include="object_utils.cpp">
      <Filter>src\world\source</Filter>
    </ClCompile>
    <ClCompile Include="game_object.cpp">
      <Filter>src\world\source</Filter>
    </ClCompile>
    <ClCompile Include="game_object_handler.cpp">
      <Filter>src\world\source</Filter>
    </ClCompile>
    <ClCompile Include="map_manager.cpp">
      <Filter>src\world\source</Filter>
    </ClCompile>
    <ClCompile Include="systems_controller.cpp">
      <Filter>src\misc\source</Filter>
    </ClCompile>
    <ClCompile Include="threading_utils.cpp">
      <Filter>src\misc\source</Filter>
    </ClCompile>
    <ClCompile Include="map_utils.cpp">
      <Filter>src\world\source</Filter>
    </ClCompile>
  </ItemGroup>
  <ItemGroup>
    <None Include="packages.config" />
    <None Include="..\README.MD" />
    <None Include="..\.gitignore" />
    <None Include="fragment.glsl">
      <Filter>Shaders</Filter>
    </None>
    <None Include="fragment_pass.glsl">
      <Filter>Shaders</Filter>
    </None>
    <None Include="vertex.glsl">
      <Filter>Shaders</Filter>
    </None>
    <None Include="fragment_lines.glsl">
      <Filter>Shaders</Filter>
    </None>
    <None Include="gamedata\ui\test_scene.json">
      <Filter>Game data\ui</Filter>
    </None>
    <None Include="gamedata\maps\testmap.json">
      <Filter>Game data\maps</Filter>
    </None>
    <None Include="gamedata\meshes\gen_props.json">
      <Filter>Game data\meshes</Filter>
    </None>
    <None Include="vertex_lines.glsl">
      <Filter>Shaders</Filter>
    </None>
    <None Include="gamedata\maps\testmap_geo.json">
      <Filter>Game data\maps</Filter>
    </None>
    <None Include="fragment_stencil.glsl">
      <Filter>Shaders</Filter>
    </None>
    <None Include="gamedata\ui\gameplay_ui.json">
      <Filter>Game data\ui</Filter>
    </None>
    <None Include="gamedata\maps\none_map.json">
      <Filter>Game data\maps</Filter>
    </None>
    <None Include="gamedata\maps\none_map_geo.json">
      <Filter>Game data\maps</Filter>
    </None>
    <None Include="gamedata\ui\map_selector.json">
      <Filter>Game data\ui</Filter>
    </None>
    <None Include="gamedata\maps\mesh_editor.json">
      <Filter>Game data\maps</Filter>
    </None>
    <None Include="gamedata\ui\mesh_editor_ui.json">
      <Filter>Game data\ui</Filter>
    </None>
  </ItemGroup>
  <ItemGroup>
    <ClInclude Include="third-party\imgui\imconfig.h">
      <Filter>Third party\Imgui</Filter>
    </ClInclude>
    <ClInclude Include="third-party\imgui\imgui.h">
      <Filter>Third party\Imgui</Filter>
    </ClInclude>
    <ClInclude Include="third-party\imgui\imgui_impl_glfw.h">
      <Filter>Third party\Imgui</Filter>
    </ClInclude>
    <ClInclude Include="third-party\imgui\imgui_impl_opengl3.h">
      <Filter>Third party\Imgui</Filter>
    </ClInclude>
    <ClInclude Include="third-party\imgui\imgui_impl_opengl3_loader.h">
      <Filter>Third party\Imgui</Filter>
    </ClInclude>
    <ClInclude Include="third-party\imgui\imgui_internal.h">
      <Filter>Third party\Imgui</Filter>
    </ClInclude>
    <ClInclude Include="third-party\imgui\imstb_rectpack.h">
      <Filter>Third party\Imgui</Filter>
    </ClInclude>
    <ClInclude Include="third-party\imgui\imstb_textedit.h">
      <Filter>Third party\Imgui</Filter>
    </ClInclude>
    <ClInclude Include="third-party\imgui\imstb_truetype.h">
      <Filter>Third party\Imgui</Filter>
    </ClInclude>
    <ClInclude Include="json.hpp">
      <Filter>Third party</Filter>
    </ClInclude>
    <ClInclude Include="third-party\glad\glad.h">
      <Filter>Third party</Filter>
    </ClInclude>
    <ClInclude Include="char_lut.h">
      <Filter>utils</Filter>
    </ClInclude>
    <ClInclude Include="font_loader.h">
      <Filter>utils</Filter>
    </ClInclude>
    <ClInclude Include="hash_fnv1a.h">
      <Filter>utils</Filter>
    </ClInclude>
    <ClInclude Include="component.h">
      <Filter>src\ui\header</Filter>
    </ClInclude>
    <ClInclude Include="game_object_handler.h">
      <Filter>src\world\header</Filter>
    </ClInclude>
    <ClInclude Include="object_utils.h">
      <Filter>src\world\header</Filter>
    </ClInclude>
    <ClInclude Include="scripts.h">
      <Filter>src\misc\header</Filter>
    </ClInclude>
    <ClInclude Include="shader.h">
      <Filter>src\misc\header</Filter>
    </ClInclude>
    <ClInclude Include="ui_handler.h">
      <Filter>src\ui\header</Filter>
    </ClInclude>
    <ClInclude Include="ui_systems.h">
      <Filter>src\ui\header</Filter>
    </ClInclude>
    <ClInclude Include="map_manager.h">
      <Filter>src\world\header</Filter>
    </ClInclude>
    <ClInclude Include="systems_controller.h">
      <Filter>src\misc\header</Filter>
    </ClInclude>
    <ClInclude Include="math_utils.h">
      <Filter>src\misc\header</Filter>
    </ClInclude>
    <ClInclude Include="threading_utils.h">
      <Filter>src\misc\header</Filter>
    </ClInclude>
    <ClInclude Include="error_reporter.hpp">
      <Filter>src\misc\header</Filter>
    </ClInclude>
    <ClInclude Include="map_utils.h">
      <Filter>src\world\header</Filter>
    </ClInclude>
    <ClInclude Include="npc_behaviors.hpp" />
  </ItemGroup>
  <ItemGroup>
    <Text Include="gamedata\fonts\font.txt">
      <Filter>Game data\fonts</Filter>
    </Text>
    <Text Include="gamedata\fonts\font2.txt">
      <Filter>Game data\fonts</Filter>
    </Text>
    <Text Include="thid_party_licenses.txt" />
    <Text Include="..\LICENSE.txt" />
  </ItemGroup>
  <ItemGroup>
    <Natvis Include="engine.natvis" />
  </ItemGroup>
</Project>