<?xml version="1.0" encoding="utf-8"?>
<Project ToolsVersion="4.0" xmlns="http://schemas.microsoft.com/developer/msbuild/2003">
  <ItemGroup>
    <Filter Include="Source Files">
      <UniqueIdentifier>{4FC737F1-C7A5-4376-A066-2A32D752A2FF}</UniqueIdentifier>
      <Extensions>cpp;c;cc;cxx;c++;cppm;ixx;def;odl;idl;hpj;bat;asm;asmx</Extensions>
    </Filter>
    <Filter Include="Header Files">
      <UniqueIdentifier>{93995380-89BD-4b04-88EB-625FBE52EBFB}</UniqueIdentifier>
      <Extensions>h;hh;hpp;hxx;h++;hm;inl;inc;ipp;xsd</Extensions>
    </Filter>
    <Filter Include="Resource Files">
      <UniqueIdentifier>{67DA6AB6-F800-4c08-8B7A-83BB121AAD01}</UniqueIdentifier>
      <Extensions>rc;ico;cur;bmp;dlg;rc2;rct;bin;rgs;gif;jpg;jpeg;jpe;resx;tiff;tif;png;wav;mfcribbon-ms</Extensions>
    </Filter>
    <Filter Include="Third party">
      <UniqueIdentifier>{74da5d11-26d1-4439-8bfb-87cb42aed8da}</UniqueIdentifier>
    </Filter>
    <Filter Include="Third party\Imgui">
      <UniqueIdentifier>{499ff2a8-210b-48fe-88f3-d7b3ef170c16}</UniqueIdentifier>
    </Filter>
    <Filter Include="Assets">
      <UniqueIdentifier>{56971b83-4de5-411f-8c95-b0734e18f75b}</UniqueIdentifier>
    </Filter>
  </ItemGroup>
  <ItemGroup>
    <ClCompile Include="main.cpp">
      <Filter>Source Files</Filter>
    </ClCompile>
    <ClCompile Include="glad.c">
      <Filter>Third party</Filter>
    </ClCompile>
    <ClCompile Include="third-party\imgui\imgui.cpp">
      <Filter>Third party\Imgui</Filter>
    </ClCompile>
    <ClCompile Include="third-party\imgui\imgui_demo.cpp">
      <Filter>Third party\Imgui</Filter>
    </ClCompile>
    <ClCompile Include="third-party\imgui\imgui_draw.cpp">
      <Filter>Third party\Imgui</Filter>
    </ClCompile>
    <ClCompile Include="third-party\imgui\imgui_impl_glfw.cpp">
      <Filter>Third party\Imgui</Filter>
    </ClCompile>
    <ClCompile Include="third-party\imgui\imgui_impl_opengl3.cpp">
      <Filter>Third party\Imgui</Filter>
    </ClCompile>
    <ClCompile Include="third-party\imgui\imgui_tables.cpp">
      <Filter>Third party\Imgui</Filter>
    </ClCompile>
    <ClCompile Include="third-party\imgui\imgui_widgets.cpp">
      <Filter>Third party\Imgui</Filter>
    </ClCompile>
    <ClCompile Include="shader.cpp">
      <Filter>Source Files</Filter>
    </ClCompile>
    <ClCompile Include="font_loader.cpp">
      <Filter>Source Files</Filter>
    </ClCompile>
    <ClCompile Include="component.cpp">
      <Filter>Source Files</Filter>
    </ClCompile>
  </ItemGroup>
  <ItemGroup>
    <None Include="packages.config" />
    <None Include="vertex.glsl">
      <Filter>Source Files</Filter>
    </None>
    <None Include="fragment.glsl">
      <Filter>Source Files</Filter>
    </None>
    <None Include="fragment_pass.glsl">
      <Filter>Source Files</Filter>
    </None>
    <None Include="LISCENCE" />
    <None Include="..\README.MD" />
    <None Include="..\.gitignore" />
  </ItemGroup>
  <ItemGroup>
    <ClInclude Include="third-party\imgui\imconfig.h">
      <Filter>Third party\Imgui</Filter>
    </ClInclude>
    <ClInclude Include="third-party\imgui\imgui.h">
      <Filter>Third party\Imgui</Filter>
    </ClInclude>
    <ClInclude Include="third-party\imgui\imgui_impl_glfw.h">
      <Filter>Third party\Imgui</Filter>
    </ClInclude>
    <ClInclude Include="third-party\imgui\imgui_impl_opengl3.h">
      <Filter>Third party\Imgui</Filter>
    </ClInclude>
    <ClInclude Include="third-party\imgui\imgui_impl_opengl3_loader.h">
      <Filter>Third party\Imgui</Filter>
    </ClInclude>
    <ClInclude Include="third-party\imgui\imgui_internal.h">
      <Filter>Third party\Imgui</Filter>
    </ClInclude>
    <ClInclude Include="third-party\imgui\imstb_rectpack.h">
      <Filter>Third party\Imgui</Filter>
    </ClInclude>
    <ClInclude Include="third-party\imgui\imstb_textedit.h">
      <Filter>Third party\Imgui</Filter>
    </ClInclude>
    <ClInclude Include="third-party\imgui\imstb_truetype.h">
      <Filter>Third party\Imgui</Filter>
    </ClInclude>
    <ClInclude Include="shader.h">
      <Filter>Header Files</Filter>
    </ClInclude>
    <ClInclude Include="font_loader.h">
      <Filter>Header Files</Filter>
    </ClInclude>
    <ClInclude Include="ui_handler.h">
      <Filter>Header Files</Filter>
    </ClInclude>
    <ClInclude Include="component.h">
      <Filter>Header Files</Filter>
    </ClInclude>
  </ItemGroup>
  <ItemGroup>
    <Text Include="assets\font2.txt">
      <Filter>Assets</Filter>
    </Text>
    <Text Include="assets\font.txt">
      <Filter>Assets</Filter>
    </Text>
  </ItemGroup>
</Project>